
Microsoft Visual Studio Solution File, Format Version 12.00
# Visual Studio Version 17
VisualStudioVersion = 17.5.33627.172
MinimumVisualStudioVersion = 10.0.40219.1
Project("{9A19103F-16F7-4668-BE54-9A1E7A4F7556}") = "ABDTestApp", "ABDTestApp\ABDTestApp.csproj", "{43C471F4-2F12-40D5-9618-51AEAFB73F19}"
EndProject
Global
	GlobalSection(SolutionConfigurationPlatforms) = preSolution
		Debug|Any CPU = Debug|Any CPU
		Release|Any CPU = Release|Any CPU
	EndGlobalSection
	GlobalSection(ProjectConfigurationPlatforms) = postSolution
		{43C471F4-2F12-40D5-9618-51AEAFB73F19}.Debug|Any CPU.ActiveCfg = Debug|Any CPU
		{43C471F4-2F12-40D5-9618-51AEAFB73F19}.Debug|Any CPU.Build.0 = Debug|Any CPU
		{43C471F4-2F12-40D5-9618-51AEAFB73F19}.Release|Any CPU.ActiveCfg = Release|Any CPU
		{43C471F4-2F12-40D5-9618-51AEAFB73F19}.Release|Any CPU.Build.0 = Release|Any CPU
	EndGlobalSection
	GlobalSection(SolutionProperties) = preSolution
		HideSolutionNode = FALSE
	EndGlobalSection
	GlobalSection(ExtensibilityGlobals) = postSolution
		SolutionGuid = {2254F67B-3FC3-4D7B-ADD8-DDCE7450100F}
	EndGlobalSection
EndGlobal
